
Microsoft Visual Studio Solution File, Format Version 12.00
# Visual Studio 14
VisualStudioVersion = 14.0.25420.1
MinimumVisualStudioVersion = 10.0.40219.1
Project("{F184B08F-C81C-45F6-A57F-5ABD9991F28F}") = "神秘力量V", "神秘力量V\神秘力量V.vbproj", "{19F5582C-E51B-419D-91E1-5EB0F0DDCC6C}"
EndProject
Global
	GlobalSection(SolutionConfigurationPlatforms) = preSolution
		Debug|Any CPU = Debug|Any CPU
		Debug|x64 = Debug|x64
		Debug|x86 = Debug|x86
		Release|Any CPU = Release|Any CPU
		Release|x64 = Release|x64
		Release|x86 = Release|x86
	EndGlobalSection
	GlobalSection(ProjectConfigurationPlatforms) = postSolution
		{19F5582C-E51B-419D-91E1-5EB0F0DDCC6C}.Debug|Any CPU.ActiveCfg = Debug|Any CPU
		{19F5582C-E51B-419D-91E1-5EB0F0DDCC6C}.Debug|Any CPU.Build.0 = Debug|Any CPU
		{19F5582C-E51B-419D-91E1-5EB0F0DDCC6C}.Debug|x64.ActiveCfg = Debug|x64
		{19F5582C-E51B-419D-91E1-5EB0F0DDCC6C}.Debug|x64.Build.0 = Debug|x64
		{19F5582C-E51B-419D-91E1-5EB0F0DDCC6C}.Debug|x86.ActiveCfg = Debug|x86
		{19F5582C-E51B-419D-91E1-5EB0F0DDCC6C}.Debug|x86.Build.0 = Debug|x86
		{19F5582C-E51B-419D-91E1-5EB0F0DDCC6C}.Release|Any CPU.ActiveCfg = Release|Any CPU
		{19F5582C-E51B-419D-91E1-5EB0F0DDCC6C}.Release|Any CPU.Build.0 = Release|Any CPU
		{19F5582C-E51B-419D-91E1-5EB0F0DDCC6C}.Release|x64.ActiveCfg = Release|x64
		{19F5582C-E51B-419D-91E1-5EB0F0DDCC6C}.Release|x64.Build.0 = Release|x64
		{19F5582C-E51B-419D-91E1-5EB0F0DDCC6C}.Release|x86.ActiveCfg = Release|x86
		{19F5582C-E51B-419D-91E1-5EB0F0DDCC6C}.Release|x86.Build.0 = Release|x86
	EndGlobalSection
	GlobalSection(SolutionProperties) = preSolution
		HideSolutionNode = FALSE
	EndGlobalSection
EndGlobal
